// !$*UTF8*$!
{
	archiveVersion = 1;
	classes = {
	};
	objectVersion = 50;
	objects = {

/* Begin PBXBuildFile section */
		FC8EA40324860D01008A9E31 /* AppDelegate.swift in Sources */ = {isa = PBXBuildFile; fileRef = FC8EA40224860D01008A9E31 /* AppDelegate.swift */; };
		FC8EA40F24860D03008A9E31 /* LaunchScreen.storyboard in Resources */ = {isa = PBXBuildFile; fileRef = FC8EA40D24860D03008A9E31 /* LaunchScreen.storyboard */; };
		FC8EA41824860D1B008A9E31 /* CoreLocation.framework in Frameworks */ = {isa = PBXBuildFile; fileRef = FC8EA41724860D1B008A9E31 /* CoreLocation.framework */; };
		FC8EA41F24860DB4008A9E31 /* Main.storyboard in Resources */ = {isa = PBXBuildFile; fileRef = FC8EA41A24860DB4008A9E31 /* Main.storyboard */; };
		FC8EA42024860DB4008A9E31 /* LocationSearchVC.swift in Sources */ = {isa = PBXBuildFile; fileRef = FC8EA41C24860DB4008A9E31 /* LocationSearchVC.swift */; };
		FC8EA42124860DB4008A9E31 /* WeatherPreviewVC.swift in Sources */ = {isa = PBXBuildFile; fileRef = FC8EA41D24860DB4008A9E31 /* WeatherPreviewVC.swift */; };
		FC8EA42224860DB4008A9E31 /* WeatherDetailVC.swift in Sources */ = {isa = PBXBuildFile; fileRef = FC8EA41E24860DB4008A9E31 /* WeatherDetailVC.swift */; };
		FC8EA42924860DC3008A9E31 /* WeeklyWeatherCell.swift in Sources */ = {isa = PBXBuildFile; fileRef = FC8EA42524860DC3008A9E31 /* WeeklyWeatherCell.swift */; };
		FC8EA42A24860DC3008A9E31 /* WeatherPreivewCell.swift in Sources */ = {isa = PBXBuildFile; fileRef = FC8EA42624860DC3008A9E31 /* WeatherPreivewCell.swift */; };
		FC8EA42B24860DC3008A9E31 /* TimeWeatherCell.swift in Sources */ = {isa = PBXBuildFile; fileRef = FC8EA42724860DC3008A9E31 /* TimeWeatherCell.swift */; };
		FC8EA42C24860DC3008A9E31 /* LocationSearchCell.swift in Sources */ = {isa = PBXBuildFile; fileRef = FC8EA42824860DC3008A9E31 /* LocationSearchCell.swift */; };
		FC8EA43224860DCE008A9E31 /* DataModel.swift in Sources */ = {isa = PBXBuildFile; fileRef = FC8EA42E24860DCE008A9E31 /* DataModel.swift */; };
		FC8EA43324860DCE008A9E31 /* NetworkService.swift in Sources */ = {isa = PBXBuildFile; fileRef = FC8EA42F24860DCE008A9E31 /* NetworkService.swift */; };
		FC8EA43424860DCE008A9E31 /* WeatherDataModel.swift in Sources */ = {isa = PBXBuildFile; fileRef = FC8EA43024860DCE008A9E31 /* WeatherDataModel.swift */; };
		FC8EA43524860DCE008A9E31 /* LocationDataModel.swift in Sources */ = {isa = PBXBuildFile; fileRef = FC8EA43124860DCE008A9E31 /* LocationDataModel.swift */; };
		FC8EA43824860DD6008A9E31 /* Double+Extension.swift in Sources */ = {isa = PBXBuildFile; fileRef = FC8EA43724860DD6008A9E31 /* Double+Extension.swift */; };
		FC8EA43B24860DE0008A9E31 /* Assets.xcassets in Resources */ = {isa = PBXBuildFile; fileRef = FC8EA43A24860DE0008A9E31 /* Assets.xcassets */; };
/* End PBXBuildFile section */

/* Begin PBXFileReference section */
		FC8EA3FF24860D01008A9E31 /* WeatherApp.app */ = {isa = PBXFileReference; explicitFileType = wrapper.application; includeInIndex = 0; path = WeatherApp.app; sourceTree = BUILT_PRODUCTS_DIR; };
		FC8EA40224860D01008A9E31 /* AppDelegate.swift */ = {isa = PBXFileReference; lastKnownFileType = sourcecode.swift; path = AppDelegate.swift; sourceTree = "<group>"; };
		FC8EA40E24860D03008A9E31 /* Base */ = {isa = PBXFileReference; lastKnownFileType = file.storyboard; name = Base; path = Base.lproj/LaunchScreen.storyboard; sourceTree = "<group>"; };
		FC8EA41024860D03008A9E31 /* Info.plist */ = {isa = PBXFileReference; lastKnownFileType = text.plist.xml; path = Info.plist; sourceTree = "<group>"; };
		FC8EA41724860D1B008A9E31 /* CoreLocation.framework */ = {isa = PBXFileReference; lastKnownFileType = wrapper.framework; name = CoreLocation.framework; path = System/Library/Frameworks/CoreLocation.framework; sourceTree = SDKROOT; };
		FC8EA41B24860DB4008A9E31 /* Base */ = {isa = PBXFileReference; lastKnownFileType = file.storyboard; name = Base; path = Base.lproj/Main.storyboard; sourceTree = "<group>"; };
		FC8EA41C24860DB4008A9E31 /* LocationSearchVC.swift */ = {isa = PBXFileReference; fileEncoding = 4; lastKnownFileType = sourcecode.swift; path = LocationSearchVC.swift; sourceTree = "<group>"; };
		FC8EA41D24860DB4008A9E31 /* WeatherPreviewVC.swift */ = {isa = PBXFileReference; fileEncoding = 4; lastKnownFileType = sourcecode.swift; path = WeatherPreviewVC.swift; sourceTree = "<group>"; };
		FC8EA41E24860DB4008A9E31 /* WeatherDetailVC.swift */ = {isa = PBXFileReference; fileEncoding = 4; lastKnownFileType = sourcecode.swift; path = WeatherDetailVC.swift; sourceTree = "<group>"; };
		FC8EA42524860DC3008A9E31 /* WeeklyWeatherCell.swift */ = {isa = PBXFileReference; fileEncoding = 4; lastKnownFileType = sourcecode.swift; path = WeeklyWeatherCell.swift; sourceTree = "<group>"; };
		FC8EA42624860DC3008A9E31 /* WeatherPreivewCell.swift */ = {isa = PBXFileReference; fileEncoding = 4; lastKnownFileType = sourcecode.swift; path = WeatherPreivewCell.swift; sourceTree = "<group>"; };
		FC8EA42724860DC3008A9E31 /* TimeWeatherCell.swift */ = {isa = PBXFileReference; fileEncoding = 4; lastKnownFileType = sourcecode.swift; path = TimeWeatherCell.swift; sourceTree = "<group>"; };
		FC8EA42824860DC3008A9E31 /* LocationSearchCell.swift */ = {isa = PBXFileReference; fileEncoding = 4; lastKnownFileType = sourcecode.swift; path = LocationSearchCell.swift; sourceTree = "<group>"; };
		FC8EA42E24860DCE008A9E31 /* DataModel.swift */ = {isa = PBXFileReference; fileEncoding = 4; lastKnownFileType = sourcecode.swift; path = DataModel.swift; sourceTree = "<group>"; };
		FC8EA42F24860DCE008A9E31 /* NetworkService.swift */ = {isa = PBXFileReference; fileEncoding = 4; lastKnownFileType = sourcecode.swift; path = NetworkService.swift; sourceTree = "<group>"; };
		FC8EA43024860DCE008A9E31 /* WeatherDataModel.swift */ = {isa = PBXFileReference; fileEncoding = 4; lastKnownFileType = sourcecode.swift; path = WeatherDataModel.swift; sourceTree = "<group>"; };
		FC8EA43124860DCE008A9E31 /* LocationDataModel.swift */ = {isa = PBXFileReference; fileEncoding = 4; lastKnownFileType = sourcecode.swift; path = LocationDataModel.swift; sourceTree = "<group>"; };
		FC8EA43724860DD6008A9E31 /* Double+Extension.swift */ = {isa = PBXFileReference; fileEncoding = 4; lastKnownFileType = sourcecode.swift; path = "Double+Extension.swift"; sourceTree = "<group>"; };
		FC8EA43A24860DE0008A9E31 /* Assets.xcassets */ = {isa = PBXFileReference; lastKnownFileType = folder.assetcatalog; path = Assets.xcassets; sourceTree = "<group>"; };
/* End PBXFileReference section */

/* Begin PBXFrameworksBuildPhase section */
		FC8EA3FC24860D01008A9E31 /* Frameworks */ = {
			isa = PBXFrameworksBuildPhase;
			buildActionMask = 2147483647;
			files = (
				FC8EA41824860D1B008A9E31 /* CoreLocation.framework in Frameworks */,
			);
			runOnlyForDeploymentPostprocessing = 0;
		};
/* End PBXFrameworksBuildPhase section */

/* Begin PBXGroup section */
		FC8EA3F624860D01008A9E31 = {
			isa = PBXGroup;
			children = (
				FC8EA40124860D01008A9E31 /* WeatherApp */,
				FC8EA40024860D01008A9E31 /* Products */,
				FC8EA41624860D1B008A9E31 /* Frameworks */,
			);
			sourceTree = "<group>";
		};
		FC8EA40024860D01008A9E31 /* Products */ = {
			isa = PBXGroup;
			children = (
				FC8EA3FF24860D01008A9E31 /* WeatherApp.app */,
			);
			name = Products;
			sourceTree = "<group>";
		};
		FC8EA40124860D01008A9E31 /* WeatherApp */ = {
			isa = PBXGroup;
			children = (
				FC8EA41924860DB4008A9E31 /* Controller */,
				FC8EA42324860DC3008A9E31 /* View */,
				FC8EA42D24860DCE008A9E31 /* Model */,
				FC8EA43624860DD6008A9E31 /* Extensions */,
				FC8EA43924860DE0008A9E31 /* Resources */,
				FC8EA40224860D01008A9E31 /* AppDelegate.swift */,
				FC8EA40D24860D03008A9E31 /* LaunchScreen.storyboard */,
				FC8EA41024860D03008A9E31 /* Info.plist */,
			);
			path = WeatherApp;
			sourceTree = "<group>";
		};
		FC8EA41624860D1B008A9E31 /* Frameworks */ = {
			isa = PBXGroup;
			children = (
				FC8EA41724860D1B008A9E31 /* CoreLocation.framework */,
			);
			name = Frameworks;
			sourceTree = "<group>";
		};
		FC8EA41924860DB4008A9E31 /* Controller */ = {
			isa = PBXGroup;
			children = (
				FC8EA41A24860DB4008A9E31 /* Main.storyboard */,
				FC8EA41C24860DB4008A9E31 /* LocationSearchVC.swift */,
				FC8EA41D24860DB4008A9E31 /* WeatherPreviewVC.swift */,
				FC8EA41E24860DB4008A9E31 /* WeatherDetailVC.swift */,
			);
			path = Controller;
			sourceTree = "<group>";
		};
		FC8EA42324860DC3008A9E31 /* View */ = {
			isa = PBXGroup;
			children = (
				FC8EA42424860DC3008A9E31 /* Cell */,
			);
			name = View;
			path = WeatherApp/View;
			sourceTree = SOURCE_ROOT;
		};
		FC8EA42424860DC3008A9E31 /* Cell */ = {
			isa = PBXGroup;
			children = (
				FC8EA42524860DC3008A9E31 /* WeeklyWeatherCell.swift */,
				FC8EA42624860DC3008A9E31 /* WeatherPreivewCell.swift */,
				FC8EA42724860DC3008A9E31 /* TimeWeatherCell.swift */,
				FC8EA42824860DC3008A9E31 /* LocationSearchCell.swift */,
			);
			path = Cell;
			sourceTree = "<group>";
		};
		FC8EA42D24860DCE008A9E31 /* Model */ = {
			isa = PBXGroup;
			children = (
				FC8EA42F24860DCE008A9E31 /* NetworkService.swift */,
				FC8EA42E24860DCE008A9E31 /* DataModel.swift */,
				FC8EA43024860DCE008A9E31 /* WeatherDataModel.swift */,
				FC8EA43124860DCE008A9E31 /* LocationDataModel.swift */,
			);
			path = Model;
			sourceTree = "<group>";
		};
		FC8EA43624860DD6008A9E31 /* Extensions */ = {
			isa = PBXGroup;
			children = (
				FC8EA43724860DD6008A9E31 /* Double+Extension.swift */,
			);
			path = Extensions;
			sourceTree = "<group>";
		};
		FC8EA43924860DE0008A9E31 /* Resources */ = {
			isa = PBXGroup;
			children = (
				FC8EA43A24860DE0008A9E31 /* Assets.xcassets */,
			);
			path = Resources;
			sourceTree = "<group>";
		};
/* End PBXGroup section */

/* Begin PBXNativeTarget section */
		FC8EA3FE24860D01008A9E31 /* WeatherApp */ = {
			isa = PBXNativeTarget;
			buildConfigurationList = FC8EA41324860D03008A9E31 /* Build configuration list for PBXNativeTarget "WeatherApp" */;
			buildPhases = (
				FC8EA3FB24860D01008A9E31 /* Sources */,
				FC8EA3FC24860D01008A9E31 /* Frameworks */,
				FC8EA3FD24860D01008A9E31 /* Resources */,
			);
			buildRules = (
			);
			dependencies = (
			);
			name = WeatherApp;
			productName = WeatherApp;
			productReference = FC8EA3FF24860D01008A9E31 /* WeatherApp.app */;
			productType = "com.apple.product-type.application";
		};
/* End PBXNativeTarget section */

/* Begin PBXProject section */
		FC8EA3F724860D01008A9E31 /* Project object */ = {
			isa = PBXProject;
			attributes = {
				LastSwiftUpdateCheck = 1100;
				LastUpgradeCheck = 1100;
				ORGANIZATIONNAME = KimMinJu;
				TargetAttributes = {
					FC8EA3FE24860D01008A9E31 = {
						CreatedOnToolsVersion = 11.0;
					};
				};
			};
			buildConfigurationList = FC8EA3FA24860D01008A9E31 /* Build configuration list for PBXProject "WeatherApp" */;
			compatibilityVersion = "Xcode 9.3";
			developmentRegion = en;
			hasScannedForEncodings = 0;
			knownRegions = (
				en,
				Base,
			);
			mainGroup = FC8EA3F624860D01008A9E31;
			productRefGroup = FC8EA40024860D01008A9E31 /* Products */;
			projectDirPath = "";
			projectRoot = "";
			targets = (
				FC8EA3FE24860D01008A9E31 /* WeatherApp */,
			);
		};
/* End PBXProject section */

/* Begin PBXResourcesBuildPhase section */
		FC8EA3FD24860D01008A9E31 /* Resources */ = {
			isa = PBXResourcesBuildPhase;
			buildActionMask = 2147483647;
			files = (
				FC8EA40F24860D03008A9E31 /* LaunchScreen.storyboard in Resources */,
				FC8EA43B24860DE0008A9E31 /* Assets.xcassets in Resources */,
				FC8EA41F24860DB4008A9E31 /* Main.storyboard in Resources */,
			);
			runOnlyForDeploymentPostprocessing = 0;
		};
/* End PBXResourcesBuildPhase section */

/* Begin PBXSourcesBuildPhase section */
		FC8EA3FB24860D01008A9E31 /* Sources */ = {
			isa = PBXSourcesBuildPhase;
			buildActionMask = 2147483647;
			files = (
				FC8EA43324860DCE008A9E31 /* NetworkService.swift in Sources */,
				FC8EA42224860DB4008A9E31 /* WeatherDetailVC.swift in Sources */,
				FC8EA42124860DB4008A9E31 /* WeatherPreviewVC.swift in Sources */,
				FC8EA42C24860DC3008A9E31 /* LocationSearchCell.swift in Sources */,
				FC8EA43824860DD6008A9E31 /* Double+Extension.swift in Sources */,
				FC8EA40324860D01008A9E31 /* AppDelegate.swift in Sources */,
				FC8EA42B24860DC3008A9E31 /* TimeWeatherCell.swift in Sources */,
				FC8EA43524860DCE008A9E31 /* LocationDataModel.swift in Sources */,
				FC8EA42024860DB4008A9E31 /* LocationSearchVC.swift in Sources */,
				FC8EA43424860DCE008A9E31 /* WeatherDataModel.swift in Sources */,
				FC8EA42924860DC3008A9E31 /* WeeklyWeatherCell.swift in Sources */,
				FC8EA42A24860DC3008A9E31 /* WeatherPreivewCell.swift in Sources */,
				FC8EA43224860DCE008A9E31 /* DataModel.swift in Sources */,
			);
			runOnlyForDeploymentPostprocessing = 0;
		};
/* End PBXSourcesBuildPhase section */

/* Begin PBXVariantGroup section */
		FC8EA40D24860D03008A9E31 /* LaunchScreen.storyboard */ = {
			isa = PBXVariantGroup;
			children = (
				FC8EA40E24860D03008A9E31 /* Base */,
			);
			name = LaunchScreen.storyboard;
			sourceTree = "<group>";
		};
		FC8EA41A24860DB4008A9E31 /* Main.storyboard */ = {
			isa = PBXVariantGroup;
			children = (
				FC8EA41B24860DB4008A9E31 /* Base */,
			);
			name = Main.storyboard;
			sourceTree = "<group>";
		};
/* End PBXVariantGroup section */

/* Begin XCBuildConfiguration section */
		FC8EA41124860D03008A9E31 /* Debug */ = {
			isa = XCBuildConfiguration;
			buildSettings = {
				ALWAYS_SEARCH_USER_PATHS = NO;
				CLANG_ANALYZER_NONNULL = YES;
				CLANG_ANALYZER_NUMBER_OBJECT_CONVERSION = YES_AGGRESSIVE;
				CLANG_CXX_LANGUAGE_STANDARD = "gnu++14";
				CLANG_CXX_LIBRARY = "libc++";
				CLANG_ENABLE_MODULES = YES;
				CLANG_ENABLE_OBJC_ARC = YES;
				CLANG_ENABLE_OBJC_WEAK = YES;
				CLANG_WARN_BLOCK_CAPTURE_AUTORELEASING = YES;
				CLANG_WARN_BOOL_CONVERSION = YES;
				CLANG_WARN_COMMA = YES;
				CLANG_WARN_CONSTANT_CONVERSION = YES;
				CLANG_WARN_DEPRECATED_OBJC_IMPLEMENTATIONS = YES;
				CLANG_WARN_DIRECT_OBJC_ISA_USAGE = YES_ERROR;
				CLANG_WARN_DOCUMENTATION_COMMENTS = YES;
				CLANG_WARN_EMPTY_BODY = YES;
				CLANG_WARN_ENUM_CONVERSION = YES;
				CLANG_WARN_INFINITE_RECURSION = YES;
				CLANG_WARN_INT_CONVERSION = YES;
				CLANG_WARN_NON_LITERAL_NULL_CONVERSION = YES;
				CLANG_WARN_OBJC_IMPLICIT_RETAIN_SELF = YES;
				CLANG_WARN_OBJC_LITERAL_CONVERSION = YES;
				CLANG_WARN_OBJC_ROOT_CLASS = YES_ERROR;
				CLANG_WARN_RANGE_LOOP_ANALYSIS = YES;
				CLANG_WARN_STRICT_PROTOTYPES = YES;
				CLANG_WARN_SUSPICIOUS_MOVE = YES;
				CLANG_WARN_UNGUARDED_AVAILABILITY = YES_AGGRESSIVE;
				CLANG_WARN_UNREACHABLE_CODE = YES;
				CLANG_WARN__DUPLICATE_METHOD_MATCH = YES;
				COPY_PHASE_STRIP = NO;
				DEBUG_INFORMATION_FORMAT = dwarf;
				ENABLE_STRICT_OBJC_MSGSEND = YES;
				ENABLE_TESTABILITY = YES;
				GCC_C_LANGUAGE_STANDARD = gnu11;
				GCC_DYNAMIC_NO_PIC = NO;
				GCC_NO_COMMON_BLOCKS = YES;
				GCC_OPTIMIZATION_LEVEL = 0;
				GCC_PREPROCESSOR_DEFINITIONS = (
					"DEBUG=1",
					"$(inherited)",
				);
				GCC_WARN_64_TO_32_BIT_CONVERSION = YES;
				GCC_WARN_ABOUT_RETURN_TYPE = YES_ERROR;
				GCC_WARN_UNDECLARED_SELECTOR = YES;
				GCC_WARN_UNINITIALIZED_AUTOS = YES_AGGRESSIVE;
				GCC_WARN_UNUSED_FUNCTION = YES;
				GCC_WARN_UNUSED_VARIABLE = YES;
				IPHONEOS_DEPLOYMENT_TARGET = 12.0;
				MTL_ENABLE_DEBUG_INFO = INCLUDE_SOURCE;
				MTL_FAST_MATH = YES;
				ONLY_ACTIVE_ARCH = YES;
				SDKROOT = iphoneos;
				SWIFT_ACTIVE_COMPILATION_CONDITIONS = DEBUG;
				SWIFT_OPTIMIZATION_LEVEL = "-Onone";
			};
			name = Debug;
		};
		FC8EA41224860D03008A9E31 /* Release */ = {
			isa = XCBuildConfiguration;
			buildSettings = {
				ALWAYS_SEARCH_USER_PATHS = NO;
				CLANG_ANALYZER_NONNULL = YES;
				CLANG_ANALYZER_NUMBER_OBJECT_CONVERSION = YES_AGGRESSIVE;
				CLANG_CXX_LANGUAGE_STANDARD = "gnu++14";
				CLANG_CXX_LIBRARY = "libc++";
				CLANG_ENABLE_MODULES = YES;
				CLANG_ENABLE_OBJC_ARC = YES;
				CLANG_ENABLE_OBJC_WEAK = YES;
				CLANG_WARN_BLOCK_CAPTURE_AUTORELEASING = YES;
				CLANG_WARN_BOOL_CONVERSION = YES;
				CLANG_WARN_COMMA = YES;
				CLANG_WARN_CONSTANT_CONVERSION = YES;
				CLANG_WARN_DEPRECATED_OBJC_IMPLEMENTATIONS = YES;
				CLANG_WARN_DIRECT_OBJC_ISA_USAGE = YES_ERROR;
				CLANG_WARN_DOCUMENTATION_COMMENTS = YES;
				CLANG_WARN_EMPTY_BODY = YES;
				CLANG_WARN_ENUM_CONVERSION = YES;
				CLANG_WARN_INFINITE_RECURSION = YES;
				CLANG_WARN_INT_CONVERSION = YES;
				CLANG_WARN_NON_LITERAL_NULL_CONVERSION = YES;
				CLANG_WARN_OBJC_IMPLICIT_RETAIN_SELF = YES;
				CLANG_WARN_OBJC_LITERAL_CONVERSION = YES;
				CLANG_WARN_OBJC_ROOT_CLASS = YES_ERROR;
				CLANG_WARN_RANGE_LOOP_ANALYSIS = YES;
				CLANG_WARN_STRICT_PROTOTYPES = YES;
				CLANG_WARN_SUSPICIOUS_MOVE = YES;
				CLANG_WARN_UNGUARDED_AVAILABILITY = YES_AGGRESSIVE;
				CLANG_WARN_UNREACHABLE_CODE = YES;
				CLANG_WARN__DUPLICATE_METHOD_MATCH = YES;
				COPY_PHASE_STRIP = NO;
				DEBUG_INFORMATION_FORMAT = "dwarf-with-dsym";
				ENABLE_NS_ASSERTIONS = NO;
				ENABLE_STRICT_OBJC_MSGSEND = YES;
				GCC_C_LANGUAGE_STANDARD = gnu11;
				GCC_NO_COMMON_BLOCKS = YES;
				GCC_WARN_64_TO_32_BIT_CONVERSION = YES;
				GCC_WARN_ABOUT_RETURN_TYPE = YES_ERROR;
				GCC_WARN_UNDECLARED_SELECTOR = YES;
				GCC_WARN_UNINITIALIZED_AUTOS = YES_AGGRESSIVE;
				GCC_WARN_UNUSED_FUNCTION = YES;
				GCC_WARN_UNUSED_VARIABLE = YES;
				IPHONEOS_DEPLOYMENT_TARGET = 12.0;
				MTL_ENABLE_DEBUG_INFO = NO;
				MTL_FAST_MATH = YES;
				SDKROOT = iphoneos;
				SWIFT_COMPILATION_MODE = wholemodule;
				SWIFT_OPTIMIZATION_LEVEL = "-O";
				VALIDATE_PRODUCT = YES;
			};
			name = Release;
		};
		FC8EA41424860D03008A9E31 /* Debug */ = {
			isa = XCBuildConfiguration;
			buildSettings = {
				ASSETCATALOG_COMPILER_APPICON_NAME = AppIcon;
				CODE_SIGN_STYLE = Automatic;
				DEVELOPMENT_TEAM = "";
				INFOPLIST_FILE = WeatherApp/Info.plist;
				LD_RUNPATH_SEARCH_PATHS = (
					"$(inherited)",
					"@executable_path/Frameworks",
				);
				PRODUCT_BUNDLE_IDENTIFIER = com.assignment.WeatherApp;
				PRODUCT_NAME = "$(TARGET_NAME)";
				SWIFT_VERSION = 4.0;
				TARGETED_DEVICE_FAMILY = 1;
			};
			name = Debug;
		};
		FC8EA41524860D03008A9E31 /* Release */ = {
			isa = XCBuildConfiguration;
			buildSettings = {
				ASSETCATALOG_COMPILER_APPICON_NAME = AppIcon;
				CODE_SIGN_STYLE = Automatic;
				DEVELOPMENT_TEAM = "";
				INFOPLIST_FILE = WeatherApp/Info.plist;
				LD_RUNPATH_SEARCH_PATHS = (
					"$(inherited)",
					"@executable_path/Frameworks",
				);
				PRODUCT_BUNDLE_IDENTIFIER = com.assignment.WeatherApp;
				PRODUCT_NAME = "$(TARGET_NAME)";
				SWIFT_VERSION = 4.0;
				TARGETED_DEVICE_FAMILY = 1;
			};
			name = Release;
		};
/* End XCBuildConfiguration section */

/* Begin XCConfigurationList section */
		FC8EA3FA24860D01008A9E31 /* Build configuration list for PBXProject "WeatherApp" */ = {
			isa = XCConfigurationList;
			buildConfigurations = (
				FC8EA41124860D03008A9E31 /* Debug */,
				FC8EA41224860D03008A9E31 /* Release */,
			);
			defaultConfigurationIsVisible = 0;
			defaultConfigurationName = Release;
		};
		FC8EA41324860D03008A9E31 /* Build configuration list for PBXNativeTarget "WeatherApp" */ = {
			isa = XCConfigurationList;
			buildConfigurations = (
				FC8EA41424860D03008A9E31 /* Debug */,
				FC8EA41524860D03008A9E31 /* Release */,
			);
			defaultConfigurationIsVisible = 0;
			defaultConfigurationName = Release;
		};
/* End XCConfigurationList section */
	};
	rootObject = FC8EA3F724860D01008A9E31 /* Project object */;
}
